
Microsoft Visual Studio Solution File, Format Version 12.00
# Visual Studio Version 17
VisualStudioVersion = 17.7.34009.444
MinimumVisualStudioVersion = 10.0.40219.1
Project("{2150E333-8FDC-42A3-9474-1A3956D46DE8}") = "ChainOfResponsibilityDesignPattern", "ChainOfResponsibilityDesignPattern", "{BBEBAE1B-14D5-4012-9AFD-C4A2F1574735}"
EndProject
Project("{9A19103F-16F7-4668-BE54-9A1E7A4F7556}") = "DesignPattern.ChainOfResponsibility", "ChainOfResponsibilityDesignPattern\DesignPattern.ChainOfResponsibility\DesignPattern.ChainOfResponsibility.csproj", "{31F89878-754F-4394-A4E0-CC15811C44F7}"
EndProject
Project("{2150E333-8FDC-42A3-9474-1A3956D46DE8}") = "CQRSDesignPattern", "CQRSDesignPattern", "{19AD2A30-B293-4C4C-8E01-764BA98A811A}"
EndProject
Project("{9A19103F-16F7-4668-BE54-9A1E7A4F7556}") = "DesignPattern.CQRS", "CQRSDesignPattern\DesignPattern.CQRS\DesignPattern.CQRS.csproj", "{81C7E5D5-8469-4471-AD27-01B1D6561377}"
EndProject
Project("{2150E333-8FDC-42A3-9474-1A3956D46DE8}") = "TemplateMethodDesignPattern", "TemplateMethodDesignPattern", "{7EFC6C93-00C6-427F-91EE-A58812C30150}"
EndProject
Project("{9A19103F-16F7-4668-BE54-9A1E7A4F7556}") = "DesignPattern.TemplateMethod", "TemplateMethodDesignPattern\DesignPattern.TemplateMethod\DesignPattern.TemplateMethod.csproj", "{66994603-9E84-464E-8CA8-DA302155BF09}"
EndProject
Project("{2150E333-8FDC-42A3-9474-1A3956D46DE8}") = "ObserverDesignPattern", "ObserverDesignPattern", "{8B9ABBDC-B1B2-408F-8E4D-969769961370}"
EndProject
Project("{9A19103F-16F7-4668-BE54-9A1E7A4F7556}") = "DesignPattern.Observer", "ObserverDesignPattern\DesignPattern.Observer\DesignPattern.Observer.csproj", "{BD604DBE-40C2-4B25-8A29-9F2D6D27611A}"
EndProject
Project("{2150E333-8FDC-42A3-9474-1A3956D46DE8}") = "UnitOfWorkDesignPattern", "UnitOfWorkDesignPattern", "{2CD9062F-9A5C-4EE6-94CF-2D5F1845D046}"
EndProject
Project("{9A19103F-16F7-4668-BE54-9A1E7A4F7556}") = "Designpattern.UnitOfWork", "UnitOfWorkDesignPattern\Designpattern.UnitOfWork\Designpattern.UnitOfWork.csproj", "{B041CD5D-93A4-48DB-B311-EA42CCFED11D}"
EndProject
Project("{9A19103F-16F7-4668-BE54-9A1E7A4F7556}") = "DesignPattern.EntityLayer", "UnitOfWorkDesignPattern\DesignPattern.EntityLayer\DesignPattern.EntityLayer.csproj", "{98EE88BD-E660-444B-955B-DC84232F8DB4}"
EndProject
Project("{9A19103F-16F7-4668-BE54-9A1E7A4F7556}") = "DesignPattern.DataAccessLayer", "UnitOfWorkDesignPattern\DesignPattern.DataAccessLayer\DesignPattern.DataAccessLayer.csproj", "{4470A19F-AE93-4BDF-809A-DCC0139F0281}"
EndProject
Project("{9A19103F-16F7-4668-BE54-9A1E7A4F7556}") = "DesignPattern.BusinessLayer", "UnitOfWorkDesignPattern\DesignPattern.BusinessLayer\DesignPattern.BusinessLayer.csproj", "{339F86D5-F0A3-4AE9-8F53-91A0D65E7D19}"
EndProject
Project("{2150E333-8FDC-42A3-9474-1A3956D46DE8}") = "RepositoryDesignPattern", "RepositoryDesignPattern", "{6AA38BE4-BEDE-4479-A561-0E12DAFD527E}"
EndProject
Project("{9A19103F-16F7-4668-BE54-9A1E7A4F7556}") = "RepositoryDesignPattern.EntityLayer", "RepositoryDesignPattern\RepositoryDesignPattern.EntityLayer\RepositoryDesignPattern.EntityLayer.csproj", "{0640069B-B61C-4BD7-84F1-829D3A22EC64}"
EndProject
Project("{9A19103F-16F7-4668-BE54-9A1E7A4F7556}") = "RepositoryDesignPattern.DataAccessLayer", "RepositoryDesignPattern\RepositoryDesignPattern.DataAccessLayer\RepositoryDesignPattern.DataAccessLayer.csproj", "{93501610-0DA4-4949-8EB3-F6A22D884E32}"
EndProject
Project("{9A19103F-16F7-4668-BE54-9A1E7A4F7556}") = "RepositoryDesignPattern.BusinessLayer", "RepositoryDesignPattern\RepositoryDesignPattern.BusinessLayer\RepositoryDesignPattern.BusinessLayer.csproj", "{73756F29-6007-4717-9A75-2703E8178845}"
EndProject
Project("{9A19103F-16F7-4668-BE54-9A1E7A4F7556}") = "RepositoryDesignPattern.PresentationLayer", "RepositoryDesignPattern\RepositoryDesignPattern.PresentationLayer\RepositoryDesignPattern.PresentationLayer.csproj", "{C3AA9E2C-8BC8-4E31-B0E4-8BD154C6F5CF}"
EndProject
Project("{2150E333-8FDC-42A3-9474-1A3956D46DE8}") = "CompositeDesignPattern", "CompositeDesignPattern", "{3B2CE370-3423-439F-AD32-09F5C3CFD864}"
EndProject
Project("{9A19103F-16F7-4668-BE54-9A1E7A4F7556}") = "DesignPattern.Composite", "CompositeDesignPattern\DesignPattern.Composite\DesignPattern.Composite.csproj", "{6538447D-34E2-441D-ABEA-875B41CF7520}"
EndProject
Project("{2150E333-8FDC-42A3-9474-1A3956D46DE8}") = "MediatorDesignPattern", "MediatorDesignPattern", "{B52DF360-2E01-43FA-9B3F-470212F1A0E2}"
EndProject
Project("{FAE04EC0-301F-11D3-BF4B-00C04F79EFBC}") = "DesignPattern.Mediator", "MediatorDesignPattern\DesignPattern.Mediator\DesignPattern.Mediator.csproj", "{B0CEEFD4-62E8-4CEA-8AB4-5EFC3B6A6B4B}"
EndProject
Global
	GlobalSection(SolutionConfigurationPlatforms) = preSolution
		Debug|Any CPU = Debug|Any CPU
		Release|Any CPU = Release|Any CPU
	EndGlobalSection
	GlobalSection(ProjectConfigurationPlatforms) = postSolution
		{31F89878-754F-4394-A4E0-CC15811C44F7}.Debug|Any CPU.ActiveCfg = Debug|Any CPU
		{31F89878-754F-4394-A4E0-CC15811C44F7}.Debug|Any CPU.Build.0 = Debug|Any CPU
		{31F89878-754F-4394-A4E0-CC15811C44F7}.Release|Any CPU.ActiveCfg = Release|Any CPU
		{31F89878-754F-4394-A4E0-CC15811C44F7}.Release|Any CPU.Build.0 = Release|Any CPU
		{81C7E5D5-8469-4471-AD27-01B1D6561377}.Debug|Any CPU.ActiveCfg = Debug|Any CPU
		{81C7E5D5-8469-4471-AD27-01B1D6561377}.Debug|Any CPU.Build.0 = Debug|Any CPU
		{81C7E5D5-8469-4471-AD27-01B1D6561377}.Release|Any CPU.ActiveCfg = Release|Any CPU
		{81C7E5D5-8469-4471-AD27-01B1D6561377}.Release|Any CPU.Build.0 = Release|Any CPU
		{66994603-9E84-464E-8CA8-DA302155BF09}.Debug|Any CPU.ActiveCfg = Debug|Any CPU
		{66994603-9E84-464E-8CA8-DA302155BF09}.Debug|Any CPU.Build.0 = Debug|Any CPU
		{66994603-9E84-464E-8CA8-DA302155BF09}.Release|Any CPU.ActiveCfg = Release|Any CPU
		{66994603-9E84-464E-8CA8-DA302155BF09}.Release|Any CPU.Build.0 = Release|Any CPU
		{BD604DBE-40C2-4B25-8A29-9F2D6D27611A}.Debug|Any CPU.ActiveCfg = Debug|Any CPU
		{BD604DBE-40C2-4B25-8A29-9F2D6D27611A}.Debug|Any CPU.Build.0 = Debug|Any CPU
		{BD604DBE-40C2-4B25-8A29-9F2D6D27611A}.Release|Any CPU.ActiveCfg = Release|Any CPU
		{BD604DBE-40C2-4B25-8A29-9F2D6D27611A}.Release|Any CPU.Build.0 = Release|Any CPU
		{B041CD5D-93A4-48DB-B311-EA42CCFED11D}.Debug|Any CPU.ActiveCfg = Debug|Any CPU
		{B041CD5D-93A4-48DB-B311-EA42CCFED11D}.Debug|Any CPU.Build.0 = Debug|Any CPU
		{B041CD5D-93A4-48DB-B311-EA42CCFED11D}.Release|Any CPU.ActiveCfg = Release|Any CPU
		{B041CD5D-93A4-48DB-B311-EA42CCFED11D}.Release|Any CPU.Build.0 = Release|Any CPU
		{98EE88BD-E660-444B-955B-DC84232F8DB4}.Debug|Any CPU.ActiveCfg = Debug|Any CPU
		{98EE88BD-E660-444B-955B-DC84232F8DB4}.Debug|Any CPU.Build.0 = Debug|Any CPU
		{98EE88BD-E660-444B-955B-DC84232F8DB4}.Release|Any CPU.ActiveCfg = Release|Any CPU
		{98EE88BD-E660-444B-955B-DC84232F8DB4}.Release|Any CPU.Build.0 = Release|Any CPU
		{4470A19F-AE93-4BDF-809A-DCC0139F0281}.Debug|Any CPU.ActiveCfg = Debug|Any CPU
		{4470A19F-AE93-4BDF-809A-DCC0139F0281}.Debug|Any CPU.Build.0 = Debug|Any CPU
		{4470A19F-AE93-4BDF-809A-DCC0139F0281}.Release|Any CPU.ActiveCfg = Release|Any CPU
		{4470A19F-AE93-4BDF-809A-DCC0139F0281}.Release|Any CPU.Build.0 = Release|Any CPU
		{339F86D5-F0A3-4AE9-8F53-91A0D65E7D19}.Debug|Any CPU.ActiveCfg = Debug|Any CPU
		{339F86D5-F0A3-4AE9-8F53-91A0D65E7D19}.Debug|Any CPU.Build.0 = Debug|Any CPU
		{339F86D5-F0A3-4AE9-8F53-91A0D65E7D19}.Release|Any CPU.ActiveCfg = Release|Any CPU
		{339F86D5-F0A3-4AE9-8F53-91A0D65E7D19}.Release|Any CPU.Build.0 = Release|Any CPU
		{0640069B-B61C-4BD7-84F1-829D3A22EC64}.Debug|Any CPU.ActiveCfg = Debug|Any CPU
		{0640069B-B61C-4BD7-84F1-829D3A22EC64}.Debug|Any CPU.Build.0 = Debug|Any CPU
		{0640069B-B61C-4BD7-84F1-829D3A22EC64}.Release|Any CPU.ActiveCfg = Release|Any CPU
		{0640069B-B61C-4BD7-84F1-829D3A22EC64}.Release|Any CPU.Build.0 = Release|Any CPU
		{93501610-0DA4-4949-8EB3-F6A22D884E32}.Debug|Any CPU.ActiveCfg = Debug|Any CPU
		{93501610-0DA4-4949-8EB3-F6A22D884E32}.Debug|Any CPU.Build.0 = Debug|Any CPU
		{93501610-0DA4-4949-8EB3-F6A22D884E32}.Release|Any CPU.ActiveCfg = Release|Any CPU
		{93501610-0DA4-4949-8EB3-F6A22D884E32}.Release|Any CPU.Build.0 = Release|Any CPU
		{73756F29-6007-4717-9A75-2703E8178845}.Debug|Any CPU.ActiveCfg = Debug|Any CPU
		{73756F29-6007-4717-9A75-2703E8178845}.Debug|Any CPU.Build.0 = Debug|Any CPU
		{73756F29-6007-4717-9A75-2703E8178845}.Release|Any CPU.ActiveCfg = Release|Any CPU
		{73756F29-6007-4717-9A75-2703E8178845}.Release|Any CPU.Build.0 = Release|Any CPU
		{C3AA9E2C-8BC8-4E31-B0E4-8BD154C6F5CF}.Debug|Any CPU.ActiveCfg = Debug|Any CPU
		{C3AA9E2C-8BC8-4E31-B0E4-8BD154C6F5CF}.Debug|Any CPU.Build.0 = Debug|Any CPU
		{C3AA9E2C-8BC8-4E31-B0E4-8BD154C6F5CF}.Release|Any CPU.ActiveCfg = Release|Any CPU
		{C3AA9E2C-8BC8-4E31-B0E4-8BD154C6F5CF}.Release|Any CPU.Build.0 = Release|Any CPU
		{6538447D-34E2-441D-ABEA-875B41CF7520}.Debug|Any CPU.ActiveCfg = Debug|Any CPU
		{6538447D-34E2-441D-ABEA-875B41CF7520}.Debug|Any CPU.Build.0 = Debug|Any CPU
		{6538447D-34E2-441D-ABEA-875B41CF7520}.Release|Any CPU.ActiveCfg = Release|Any CPU
		{6538447D-34E2-441D-ABEA-875B41CF7520}.Release|Any CPU.Build.0 = Release|Any CPU
		{B0CEEFD4-62E8-4CEA-8AB4-5EFC3B6A6B4B}.Debug|Any CPU.ActiveCfg = Debug|Any CPU
		{B0CEEFD4-62E8-4CEA-8AB4-5EFC3B6A6B4B}.Debug|Any CPU.Build.0 = Debug|Any CPU
		{B0CEEFD4-62E8-4CEA-8AB4-5EFC3B6A6B4B}.Release|Any CPU.ActiveCfg = Release|Any CPU
		{B0CEEFD4-62E8-4CEA-8AB4-5EFC3B6A6B4B}.Release|Any CPU.Build.0 = Release|Any CPU
	EndGlobalSection
	GlobalSection(SolutionProperties) = preSolution
		HideSolutionNode = FALSE
	EndGlobalSection
	GlobalSection(NestedProjects) = preSolution
		{31F89878-754F-4394-A4E0-CC15811C44F7} = {BBEBAE1B-14D5-4012-9AFD-C4A2F1574735}
		{81C7E5D5-8469-4471-AD27-01B1D6561377} = {19AD2A30-B293-4C4C-8E01-764BA98A811A}
		{66994603-9E84-464E-8CA8-DA302155BF09} = {7EFC6C93-00C6-427F-91EE-A58812C30150}
		{BD604DBE-40C2-4B25-8A29-9F2D6D27611A} = {8B9ABBDC-B1B2-408F-8E4D-969769961370}
		{B041CD5D-93A4-48DB-B311-EA42CCFED11D} = {2CD9062F-9A5C-4EE6-94CF-2D5F1845D046}
		{98EE88BD-E660-444B-955B-DC84232F8DB4} = {2CD9062F-9A5C-4EE6-94CF-2D5F1845D046}
		{4470A19F-AE93-4BDF-809A-DCC0139F0281} = {2CD9062F-9A5C-4EE6-94CF-2D5F1845D046}
		{339F86D5-F0A3-4AE9-8F53-91A0D65E7D19} = {2CD9062F-9A5C-4EE6-94CF-2D5F1845D046}
		{0640069B-B61C-4BD7-84F1-829D3A22EC64} = {6AA38BE4-BEDE-4479-A561-0E12DAFD527E}
		{93501610-0DA4-4949-8EB3-F6A22D884E32} = {6AA38BE4-BEDE-4479-A561-0E12DAFD527E}
		{73756F29-6007-4717-9A75-2703E8178845} = {6AA38BE4-BEDE-4479-A561-0E12DAFD527E}
		{C3AA9E2C-8BC8-4E31-B0E4-8BD154C6F5CF} = {6AA38BE4-BEDE-4479-A561-0E12DAFD527E}
		{6538447D-34E2-441D-ABEA-875B41CF7520} = {3B2CE370-3423-439F-AD32-09F5C3CFD864}
		{B0CEEFD4-62E8-4CEA-8AB4-5EFC3B6A6B4B} = {B52DF360-2E01-43FA-9B3F-470212F1A0E2}
	EndGlobalSection
	GlobalSection(ExtensibilityGlobals) = postSolution
		SolutionGuid = {2B6734EB-A0FA-4F04-A244-246011C07A91}
	EndGlobalSection
EndGlobal
